
Microsoft Visual Studio Solution File, Format Version 11.00
# Visual Studio 2010
Project("{FAE04EC0-301F-11D3-BF4B-00C04F79EFBC}") = "IHM", "IHM.csproj", "{E6754773-18F8-4A1C-A5D7-39F76B267A2D}"
EndProject
Global
	GlobalSection(SolutionConfigurationPlatforms) = preSolution
		Debug|x86 = Debug|x86
		Release|x86 = Release|x86
	EndGlobalSection
	GlobalSection(ProjectConfigurationPlatforms) = postSolution
		{E6754773-18F8-4A1C-A5D7-39F76B267A2D}.Debug|x86.ActiveCfg = Debug|x86
		{E6754773-18F8-4A1C-A5D7-39F76B267A2D}.Debug|x86.Build.0 = Debug|x86
		{E6754773-18F8-4A1C-A5D7-39F76B267A2D}.Release|x86.ActiveCfg = Release|x86
		{E6754773-18F8-4A1C-A5D7-39F76B267A2D}.Release|x86.Build.0 = Release|x86
	EndGlobalSection
	GlobalSection(SolutionProperties) = preSolution
		HideSolutionNode = FALSE
	EndGlobalSection
EndGlobal
